// !$*UTF8*$!
{
	archiveVersion = 1;
	classes = {
	};
	objectVersion = 56;
	objects = {

/* Begin PBXBuildFile section */
		041FD22B2AD841B100CD5AEE /* AppDelegate.swift in Sources */ = {isa = PBXBuildFile; fileRef = 041FD22A2AD841B100CD5AEE /* AppDelegate.swift */; };
		041FD22D2AD841B100CD5AEE /* SceneDelegate.swift in Sources */ = {isa = PBXBuildFile; fileRef = 041FD22C2AD841B100CD5AEE /* SceneDelegate.swift */; };
		041FD2322AD841B100CD5AEE /* Main.storyboard in Resources */ = {isa = PBXBuildFile; fileRef = 041FD2302AD841B100CD5AEE /* Main.storyboard */; };
		041FD2342AD841B200CD5AEE /* Assets.xcassets in Resources */ = {isa = PBXBuildFile; fileRef = 041FD2332AD841B200CD5AEE /* Assets.xcassets */; };
		041FD2372AD841B200CD5AEE /* LaunchScreen.storyboard in Resources */ = {isa = PBXBuildFile; fileRef = 041FD2352AD841B200CD5AEE /* LaunchScreen.storyboard */; };
		041FD2462AD842D500CD5AEE /* HomeVC.swift in Sources */ = {isa = PBXBuildFile; fileRef = 041FD2452AD842D500CD5AEE /* HomeVC.swift */; };
		041FD2482AD8439300CD5AEE /* HomeViewModel.swift in Sources */ = {isa = PBXBuildFile; fileRef = 041FD2472AD8439300CD5AEE /* HomeViewModel.swift */; };
		041FD24A2AD8439F00CD5AEE /* HomeModel.swift in Sources */ = {isa = PBXBuildFile; fileRef = 041FD2492AD8439F00CD5AEE /* HomeModel.swift */; };
		041FD24C2AD844DE00CD5AEE /* HomeVC + TableView.swift in Sources */ = {isa = PBXBuildFile; fileRef = 041FD24B2AD844DE00CD5AEE /* HomeVC + TableView.swift */; };
		04FE85932AD8F79A001DB089 /* UIViewController + Extension.swift in Sources */ = {isa = PBXBuildFile; fileRef = 04FE85922AD8F79A001DB089 /* UIViewController + Extension.swift */; };
/* End PBXBuildFile section */

/* Begin PBXFileReference section */
		041FD2272AD841B100CD5AEE /* Twitter-Demo.app */ = {isa = PBXFileReference; explicitFileType = wrapper.application; includeInIndex = 0; path = "Twitter-Demo.app"; sourceTree = BUILT_PRODUCTS_DIR; };
		041FD22A2AD841B100CD5AEE /* AppDelegate.swift */ = {isa = PBXFileReference; lastKnownFileType = sourcecode.swift; path = AppDelegate.swift; sourceTree = "<group>"; };
		041FD22C2AD841B100CD5AEE /* SceneDelegate.swift */ = {isa = PBXFileReference; lastKnownFileType = sourcecode.swift; path = SceneDelegate.swift; sourceTree = "<group>"; };
		041FD2312AD841B100CD5AEE /* Base */ = {isa = PBXFileReference; lastKnownFileType = file.storyboard; name = Base; path = Base.lproj/Main.storyboard; sourceTree = "<group>"; };
		041FD2332AD841B200CD5AEE /* Assets.xcassets */ = {isa = PBXFileReference; lastKnownFileType = folder.assetcatalog; path = Assets.xcassets; sourceTree = "<group>"; };
		041FD2362AD841B200CD5AEE /* Base */ = {isa = PBXFileReference; lastKnownFileType = file.storyboard; name = Base; path = Base.lproj/LaunchScreen.storyboard; sourceTree = "<group>"; };
		041FD2382AD841B200CD5AEE /* Info.plist */ = {isa = PBXFileReference; lastKnownFileType = text.plist.xml; path = Info.plist; sourceTree = "<group>"; };
		041FD2452AD842D500CD5AEE /* HomeVC.swift */ = {isa = PBXFileReference; lastKnownFileType = sourcecode.swift; path = HomeVC.swift; sourceTree = "<group>"; };
		041FD2472AD8439300CD5AEE /* HomeViewModel.swift */ = {isa = PBXFileReference; lastKnownFileType = sourcecode.swift; path = HomeViewModel.swift; sourceTree = "<group>"; };
		041FD2492AD8439F00CD5AEE /* HomeModel.swift */ = {isa = PBXFileReference; lastKnownFileType = sourcecode.swift; path = HomeModel.swift; sourceTree = "<group>"; };
		041FD24B2AD844DE00CD5AEE /* HomeVC + TableView.swift */ = {isa = PBXFileReference; lastKnownFileType = sourcecode.swift; path = "HomeVC + TableView.swift"; sourceTree = "<group>"; };
		04FE85922AD8F79A001DB089 /* UIViewController + Extension.swift */ = {isa = PBXFileReference; lastKnownFileType = sourcecode.swift; path = "UIViewController + Extension.swift"; sourceTree = "<group>"; };
/* End PBXFileReference section */

/* Begin PBXFrameworksBuildPhase section */
		041FD2242AD841B100CD5AEE /* Frameworks */ = {
			isa = PBXFrameworksBuildPhase;
			buildActionMask = 2147483647;
			files = (
			);
			runOnlyForDeploymentPostprocessing = 0;
		};
/* End PBXFrameworksBuildPhase section */

/* Begin PBXGroup section */
		041FD21E2AD841B100CD5AEE = {
			isa = PBXGroup;
			children = (
				041FD2292AD841B100CD5AEE /* Twitter-Demo */,
				041FD2282AD841B100CD5AEE /* Products */,
			);
			sourceTree = "<group>";
		};
		041FD2282AD841B100CD5AEE /* Products */ = {
			isa = PBXGroup;
			children = (
				041FD2272AD841B100CD5AEE /* Twitter-Demo.app */,
			);
			name = Products;
			sourceTree = "<group>";
		};
		041FD2292AD841B100CD5AEE /* Twitter-Demo */ = {
			isa = PBXGroup;
			children = (
				041FD23E2AD8427C00CD5AEE /* Modules */,
				04FE858F2AD8F764001DB089 /* Helper */,
				041FD22A2AD841B100CD5AEE /* AppDelegate.swift */,
				041FD22C2AD841B100CD5AEE /* SceneDelegate.swift */,
				041FD2302AD841B100CD5AEE /* Main.storyboard */,
				041FD2332AD841B200CD5AEE /* Assets.xcassets */,
				041FD2352AD841B200CD5AEE /* LaunchScreen.storyboard */,
				041FD2382AD841B200CD5AEE /* Info.plist */,
			);
			path = "Twitter-Demo";
			sourceTree = "<group>";
		};
		041FD23E2AD8427C00CD5AEE /* Modules */ = {
			isa = PBXGroup;
			children = (
				041FD23F2AD8428300CD5AEE /* Home */,
			);
			path = Modules;
			sourceTree = "<group>";
		};
		041FD23F2AD8428300CD5AEE /* Home */ = {
			isa = PBXGroup;
			children = (
				041FD2402AD8429100CD5AEE /* Model */,
				041FD2422AD842A800CD5AEE /* View */,
				041FD2412AD8429B00CD5AEE /* ViewModel */,
			);
			path = Home;
			sourceTree = "<group>";
		};
		041FD2402AD8429100CD5AEE /* Model */ = {
			isa = PBXGroup;
			children = (
				041FD2492AD8439F00CD5AEE /* HomeModel.swift */,
			);
			path = Model;
			sourceTree = "<group>";
		};
		041FD2412AD8429B00CD5AEE /* ViewModel */ = {
			isa = PBXGroup;
			children = (
				041FD2472AD8439300CD5AEE /* HomeViewModel.swift */,
			);
			path = ViewModel;
			sourceTree = "<group>";
		};
		041FD2422AD842A800CD5AEE /* View */ = {
			isa = PBXGroup;
			children = (
				041FD2442AD842C300CD5AEE /* Cell */,
				041FD2432AD842B500CD5AEE /* Controller */,
			);
			path = View;
			sourceTree = "<group>";
		};
		041FD2432AD842B500CD5AEE /* Controller */ = {
			isa = PBXGroup;
			children = (
				041FD2452AD842D500CD5AEE /* HomeVC.swift */,
				041FD24B2AD844DE00CD5AEE /* HomeVC + TableView.swift */,
			);
			path = Controller;
			sourceTree = "<group>";
		};
		041FD2442AD842C300CD5AEE /* Cell */ = {
			isa = PBXGroup;
			children = (
			);
			path = Cell;
			sourceTree = "<group>";
		};
		04FE858F2AD8F764001DB089 /* Helper */ = {
			isa = PBXGroup;
			children = (
				04FE85902AD8F780001DB089 /* Extensions */,
			);
			path = Helper;
			sourceTree = "<group>";
		};
		04FE85902AD8F780001DB089 /* Extensions */ = {
			isa = PBXGroup;
			children = (
				04FE85922AD8F79A001DB089 /* UIViewController + Extension.swift */,
			);
			path = Extensions;
			sourceTree = "<group>";
		};
/* End PBXGroup section */

/* Begin PBXNativeTarget section */
		041FD2262AD841B100CD5AEE /* Twitter-Demo */ = {
			isa = PBXNativeTarget;
			buildConfigurationList = 041FD23B2AD841B200CD5AEE /* Build configuration list for PBXNativeTarget "Twitter-Demo" */;
			buildPhases = (
				041FD2232AD841B100CD5AEE /* Sources */,
				041FD2242AD841B100CD5AEE /* Frameworks */,
				041FD2252AD841B100CD5AEE /* Resources */,
			);
			buildRules = (
			);
			dependencies = (
			);
			name = "Twitter-Demo";
			productName = "Twitter-Demo";
			productReference = 041FD2272AD841B100CD5AEE /* Twitter-Demo.app */;
			productType = "com.apple.product-type.application";
		};
/* End PBXNativeTarget section */

/* Begin PBXProject section */
		041FD21F2AD841B100CD5AEE /* Project object */ = {
			isa = PBXProject;
			attributes = {
				BuildIndependentTargetsInParallel = 1;
				LastSwiftUpdateCheck = 1420;
				LastUpgradeCheck = 1420;
				TargetAttributes = {
					041FD2262AD841B100CD5AEE = {
						CreatedOnToolsVersion = 14.2;
					};
				};
			};
			buildConfigurationList = 041FD2222AD841B100CD5AEE /* Build configuration list for PBXProject "Twitter-Demo" */;
			compatibilityVersion = "Xcode 14.0";
			developmentRegion = en;
			hasScannedForEncodings = 0;
			knownRegions = (
				en,
				Base,
			);
			mainGroup = 041FD21E2AD841B100CD5AEE;
			productRefGroup = 041FD2282AD841B100CD5AEE /* Products */;
			projectDirPath = "";
			projectRoot = "";
			targets = (
				041FD2262AD841B100CD5AEE /* Twitter-Demo */,
			);
		};
/* End PBXProject section */

/* Begin PBXResourcesBuildPhase section */
		041FD2252AD841B100CD5AEE /* Resources */ = {
			isa = PBXResourcesBuildPhase;
			buildActionMask = 2147483647;
			files = (
				041FD2372AD841B200CD5AEE /* LaunchScreen.storyboard in Resources */,
				041FD2342AD841B200CD5AEE /* Assets.xcassets in Resources */,
				041FD2322AD841B100CD5AEE /* Main.storyboard in Resources */,
			);
			runOnlyForDeploymentPostprocessing = 0;
		};
/* End PBXResourcesBuildPhase section */

/* Begin PBXSourcesBuildPhase section */
		041FD2232AD841B100CD5AEE /* Sources */ = {
			isa = PBXSourcesBuildPhase;
			buildActionMask = 2147483647;
			files = (
				041FD2462AD842D500CD5AEE /* HomeVC.swift in Sources */,
				04FE85932AD8F79A001DB089 /* UIViewController + Extension.swift in Sources */,
				041FD24A2AD8439F00CD5AEE /* HomeModel.swift in Sources */,
				041FD22B2AD841B100CD5AEE /* AppDelegate.swift in Sources */,
				041FD2482AD8439300CD5AEE /* HomeViewModel.swift in Sources */,
				041FD24C2AD844DE00CD5AEE /* HomeVC + TableView.swift in Sources */,
				041FD22D2AD841B100CD5AEE /* SceneDelegate.swift in Sources */,
			);
			runOnlyForDeploymentPostprocessing = 0;
		};
/* End PBXSourcesBuildPhase section */

/* Begin PBXVariantGroup section */
		041FD2302AD841B100CD5AEE /* Main.storyboard */ = {
			isa = PBXVariantGroup;
			children = (
				041FD2312AD841B100CD5AEE /* Base */,
			);
			name = Main.storyboard;
			sourceTree = "<group>";
		};
		041FD2352AD841B200CD5AEE /* LaunchScreen.storyboard */ = {
			isa = PBXVariantGroup;
			children = (
				041FD2362AD841B200CD5AEE /* Base */,
			);
			name = LaunchScreen.storyboard;
			sourceTree = "<group>";
		};
/* End PBXVariantGroup section */

/* Begin XCBuildConfiguration section */
		041FD2392AD841B200CD5AEE /* Debug */ = {
			isa = XCBuildConfiguration;
			buildSettings = {
				ALWAYS_SEARCH_USER_PATHS = NO;
				CLANG_ANALYZER_NONNULL = YES;
				CLANG_ANALYZER_NUMBER_OBJECT_CONVERSION = YES_AGGRESSIVE;
				CLANG_CXX_LANGUAGE_STANDARD = "gnu++20";
				CLANG_ENABLE_MODULES = YES;
				CLANG_ENABLE_OBJC_ARC = YES;
				CLANG_ENABLE_OBJC_WEAK = YES;
				CLANG_WARN_BLOCK_CAPTURE_AUTORELEASING = YES;
				CLANG_WARN_BOOL_CONVERSION = YES;
				CLANG_WARN_COMMA = YES;
				CLANG_WARN_CONSTANT_CONVERSION = YES;
				CLANG_WARN_DEPRECATED_OBJC_IMPLEMENTATIONS = YES;
				CLANG_WARN_DIRECT_OBJC_ISA_USAGE = YES_ERROR;
				CLANG_WARN_DOCUMENTATION_COMMENTS = YES;
				CLANG_WARN_EMPTY_BODY = YES;
				CLANG_WARN_ENUM_CONVERSION = YES;
				CLANG_WARN_INFINITE_RECURSION = YES;
				CLANG_WARN_INT_CONVERSION = YES;
				CLANG_WARN_NON_LITERAL_NULL_CONVERSION = YES;
				CLANG_WARN_OBJC_IMPLICIT_RETAIN_SELF = YES;
				CLANG_WARN_OBJC_LITERAL_CONVERSION = YES;
				CLANG_WARN_OBJC_ROOT_CLASS = YES_ERROR;
				CLANG_WARN_QUOTED_INCLUDE_IN_FRAMEWORK_HEADER = YES;
				CLANG_WARN_RANGE_LOOP_ANALYSIS = YES;
				CLANG_WARN_STRICT_PROTOTYPES = YES;
				CLANG_WARN_SUSPICIOUS_MOVE = YES;
				CLANG_WARN_UNGUARDED_AVAILABILITY = YES_AGGRESSIVE;
				CLANG_WARN_UNREACHABLE_CODE = YES;
				CLANG_WARN__DUPLICATE_METHOD_MATCH = YES;
				COPY_PHASE_STRIP = NO;
				DEBUG_INFORMATION_FORMAT = dwarf;
				ENABLE_STRICT_OBJC_MSGSEND = YES;
				ENABLE_TESTABILITY = YES;
				GCC_C_LANGUAGE_STANDARD = gnu11;
				GCC_DYNAMIC_NO_PIC = NO;
				GCC_NO_COMMON_BLOCKS = YES;
				GCC_OPTIMIZATION_LEVEL = 0;
				GCC_PREPROCESSOR_DEFINITIONS = (
					"DEBUG=1",
					"$(inherited)",
				);
				GCC_WARN_64_TO_32_BIT_CONVERSION = YES;
				GCC_WARN_ABOUT_RETURN_TYPE = YES_ERROR;
				GCC_WARN_UNDECLARED_SELECTOR = YES;
				GCC_WARN_UNINITIALIZED_AUTOS = YES_AGGRESSIVE;
				GCC_WARN_UNUSED_FUNCTION = YES;
				GCC_WARN_UNUSED_VARIABLE = YES;
				IPHONEOS_DEPLOYMENT_TARGET = 16.2;
				MTL_ENABLE_DEBUG_INFO = INCLUDE_SOURCE;
				MTL_FAST_MATH = YES;
				ONLY_ACTIVE_ARCH = YES;
				SDKROOT = iphoneos;
				SWIFT_ACTIVE_COMPILATION_CONDITIONS = DEBUG;
				SWIFT_OPTIMIZATION_LEVEL = "-Onone";
			};
			name = Debug;
		};
		041FD23A2AD841B200CD5AEE /* Release */ = {
			isa = XCBuildConfiguration;
			buildSettings = {
				ALWAYS_SEARCH_USER_PATHS = NO;
				CLANG_ANALYZER_NONNULL = YES;
				CLANG_ANALYZER_NUMBER_OBJECT_CONVERSION = YES_AGGRESSIVE;
				CLANG_CXX_LANGUAGE_STANDARD = "gnu++20";
				CLANG_ENABLE_MODULES = YES;
				CLANG_ENABLE_OBJC_ARC = YES;
				CLANG_ENABLE_OBJC_WEAK = YES;
				CLANG_WARN_BLOCK_CAPTURE_AUTORELEASING = YES;
				CLANG_WARN_BOOL_CONVERSION = YES;
				CLANG_WARN_COMMA = YES;
				CLANG_WARN_CONSTANT_CONVERSION = YES;
				CLANG_WARN_DEPRECATED_OBJC_IMPLEMENTATIONS = YES;
				CLANG_WARN_DIRECT_OBJC_ISA_USAGE = YES_ERROR;
				CLANG_WARN_DOCUMENTATION_COMMENTS = YES;
				CLANG_WARN_EMPTY_BODY = YES;
				CLANG_WARN_ENUM_CONVERSION = YES;
				CLANG_WARN_INFINITE_RECURSION = YES;
				CLANG_WARN_INT_CONVERSION = YES;
				CLANG_WARN_NON_LITERAL_NULL_CONVERSION = YES;
				CLANG_WARN_OBJC_IMPLICIT_RETAIN_SELF = YES;
				CLANG_WARN_OBJC_LITERAL_CONVERSION = YES;
				CLANG_WARN_OBJC_ROOT_CLASS = YES_ERROR;
				CLANG_WARN_QUOTED_INCLUDE_IN_FRAMEWORK_HEADER = YES;
				CLANG_WARN_RANGE_LOOP_ANALYSIS = YES;
				CLANG_WARN_STRICT_PROTOTYPES = YES;
				CLANG_WARN_SUSPICIOUS_MOVE = YES;
				CLANG_WARN_UNGUARDED_AVAILABILITY = YES_AGGRESSIVE;
				CLANG_WARN_UNREACHABLE_CODE = YES;
				CLANG_WARN__DUPLICATE_METHOD_MATCH = YES;
				COPY_PHASE_STRIP = NO;
				DEBUG_INFORMATION_FORMAT = "dwarf-with-dsym";
				ENABLE_NS_ASSERTIONS = NO;
				ENABLE_STRICT_OBJC_MSGSEND = YES;
				GCC_C_LANGUAGE_STANDARD = gnu11;
				GCC_NO_COMMON_BLOCKS = YES;
				GCC_WARN_64_TO_32_BIT_CONVERSION = YES;
				GCC_WARN_ABOUT_RETURN_TYPE = YES_ERROR;
				GCC_WARN_UNDECLARED_SELECTOR = YES;
				GCC_WARN_UNINITIALIZED_AUTOS = YES_AGGRESSIVE;
				GCC_WARN_UNUSED_FUNCTION = YES;
				GCC_WARN_UNUSED_VARIABLE = YES;
				IPHONEOS_DEPLOYMENT_TARGET = 16.2;
				MTL_ENABLE_DEBUG_INFO = NO;
				MTL_FAST_MATH = YES;
				SDKROOT = iphoneos;
				SWIFT_COMPILATION_MODE = wholemodule;
				SWIFT_OPTIMIZATION_LEVEL = "-O";
				VALIDATE_PRODUCT = YES;
			};
			name = Release;
		};
		041FD23C2AD841B200CD5AEE /* Debug */ = {
			isa = XCBuildConfiguration;
			buildSettings = {
				ASSETCATALOG_COMPILER_APPICON_NAME = AppIcon;
				ASSETCATALOG_COMPILER_GLOBAL_ACCENT_COLOR_NAME = AccentColor;
				CODE_SIGN_STYLE = Automatic;
				CURRENT_PROJECT_VERSION = 1;
				GENERATE_INFOPLIST_FILE = YES;
				INFOPLIST_FILE = "Twitter-Demo/Info.plist";
				INFOPLIST_KEY_UIApplicationSupportsIndirectInputEvents = YES;
				INFOPLIST_KEY_UILaunchStoryboardName = LaunchScreen;
				INFOPLIST_KEY_UIMainStoryboardFile = Main;
				INFOPLIST_KEY_UISupportedInterfaceOrientations_iPad = "UIInterfaceOrientationPortrait UIInterfaceOrientationPortraitUpsideDown UIInterfaceOrientationLandscapeLeft UIInterfaceOrientationLandscapeRight";
				INFOPLIST_KEY_UISupportedInterfaceOrientations_iPhone = "UIInterfaceOrientationPortrait UIInterfaceOrientationLandscapeLeft UIInterfaceOrientationLandscapeRight";
				LD_RUNPATH_SEARCH_PATHS = (
					"$(inherited)",
					"@executable_path/Frameworks",
				);
				MARKETING_VERSION = 1.0;
				PRODUCT_BUNDLE_IDENTIFIER = "com.Twitter-Demo";
				PRODUCT_NAME = "$(TARGET_NAME)";
				SWIFT_EMIT_LOC_STRINGS = YES;
				SWIFT_VERSION = 5.0;
				TARGETED_DEVICE_FAMILY = "1,2";
			};
			name = Debug;
		};
		041FD23D2AD841B200CD5AEE /* Release */ = {
			isa = XCBuildConfiguration;
			buildSettings = {
				ASSETCATALOG_COMPILER_APPICON_NAME = AppIcon;
				ASSETCATALOG_COMPILER_GLOBAL_ACCENT_COLOR_NAME = AccentColor;
				CODE_SIGN_STYLE = Automatic;
				CURRENT_PROJECT_VERSION = 1;
				GENERATE_INFOPLIST_FILE = YES;
				INFOPLIST_FILE = "Twitter-Demo/Info.plist";
				INFOPLIST_KEY_UIApplicationSupportsIndirectInputEvents = YES;
				INFOPLIST_KEY_UILaunchStoryboardName = LaunchScreen;
				INFOPLIST_KEY_UIMainStoryboardFile = Main;
				INFOPLIST_KEY_UISupportedInterfaceOrientations_iPad = "UIInterfaceOrientationPortrait UIInterfaceOrientationPortraitUpsideDown UIInterfaceOrientationLandscapeLeft UIInterfaceOrientationLandscapeRight";
				INFOPLIST_KEY_UISupportedInterfaceOrientations_iPhone = "UIInterfaceOrientationPortrait UIInterfaceOrientationLandscapeLeft UIInterfaceOrientationLandscapeRight";
				LD_RUNPATH_SEARCH_PATHS = (
					"$(inherited)",
					"@executable_path/Frameworks",
				);
				MARKETING_VERSION = 1.0;
				PRODUCT_BUNDLE_IDENTIFIER = "com.Twitter-Demo";
				PRODUCT_NAME = "$(TARGET_NAME)";
				SWIFT_EMIT_LOC_STRINGS = YES;
				SWIFT_VERSION = 5.0;
				TARGETED_DEVICE_FAMILY = "1,2";
			};
			name = Release;
		};
/* End XCBuildConfiguration section */

/* Begin XCConfigurationList section */
		041FD2222AD841B100CD5AEE /* Build configuration list for PBXProject "Twitter-Demo" */ = {
			isa = XCConfigurationList;
			buildConfigurations = (
				041FD2392AD841B200CD5AEE /* Debug */,
				041FD23A2AD841B200CD5AEE /* Release */,
			);
			defaultConfigurationIsVisible = 0;
			defaultConfigurationName = Release;
		};
		041FD23B2AD841B200CD5AEE /* Build configuration list for PBXNativeTarget "Twitter-Demo" */ = {
			isa = XCConfigurationList;
			buildConfigurations = (
				041FD23C2AD841B200CD5AEE /* Debug */,
				041FD23D2AD841B200CD5AEE /* Release */,
			);
			defaultConfigurationIsVisible = 0;
			defaultConfigurationName = Release;
		};
/* End XCConfigurationList section */
	};
	rootObject = 041FD21F2AD841B100CD5AEE /* Project object */;
}
